
Microsoft Visual Studio Solution File, Format Version 12.00
# Visual Studio Version 17
VisualStudioVersion = 17.9.34701.34
MinimumVisualStudioVersion = 10.0.40219.1
Project("{FAE04EC0-301F-11D3-BF4B-00C04F79EFBC}") = "BlogProject", "BlogProject\BlogProject.csproj", "{C902F7EA-9F38-4B51-93F4-D55187389426}"
EndProject
Global
	GlobalSection(SolutionConfigurationPlatforms) = preSolution
		Debug|Any CPU = Debug|Any CPU
		Release|Any CPU = Release|Any CPU
	EndGlobalSection
	GlobalSection(ProjectConfigurationPlatforms) = postSolution
		{C902F7EA-9F38-4B51-93F4-D55187389426}.Debug|Any CPU.ActiveCfg = Debug|Any CPU
		{C902F7EA-9F38-4B51-93F4-D55187389426}.Debug|Any CPU.Build.0 = Debug|Any CPU
		{C902F7EA-9F38-4B51-93F4-D55187389426}.Release|Any CPU.ActiveCfg = Release|Any CPU
		{C902F7EA-9F38-4B51-93F4-D55187389426}.Release|Any CPU.Build.0 = Release|Any CPU
	EndGlobalSection
	GlobalSection(SolutionProperties) = preSolution
		HideSolutionNode = FALSE
	EndGlobalSection
	GlobalSection(ExtensibilityGlobals) = postSolution
		SolutionGuid = {3D8FE270-5F2C-4967-9C02-3DD6B5ADF241}
	EndGlobalSection
EndGlobal
